
Microsoft Visual Studio Solution File, Format Version 12.00
# Visual Studio Version 16
VisualStudioVersion = 16.0.32510.428
MinimumVisualStudioVersion = 10.0.40219.1
Project("{9A19103F-16F7-4668-BE54-9A1E7A4F7556}") = "CompanyEmployees", "CompanyEmployees\CompanyEmployees.csproj", "{D1E05178-D187-4188-8F45-D8C2FAC6A897}"
EndProject
Project("{9A19103F-16F7-4668-BE54-9A1E7A4F7556}") = "Contracts", "Contracts\Contracts.csproj", "{6985D2A7-8908-4F2E-8BAA-46269CE7785F}"
EndProject
Project("{9A19103F-16F7-4668-BE54-9A1E7A4F7556}") = "LoggerService", "LoggerService\LoggerService.csproj", "{F32B5A44-39CA-4A42-9598-8E3D75862BBA}"
EndProject
Project("{FAE04EC0-301F-11D3-BF4B-00C04F79EFBC}") = "Entities", "Entities\Entities.csproj", "{055503BA-6094-4341-B7C1-CE7811AD80E9}"
EndProject
Global
	GlobalSection(SolutionConfigurationPlatforms) = preSolution
		Debug|Any CPU = Debug|Any CPU
		Release|Any CPU = Release|Any CPU
	EndGlobalSection
	GlobalSection(ProjectConfigurationPlatforms) = postSolution
		{D1E05178-D187-4188-8F45-D8C2FAC6A897}.Debug|Any CPU.ActiveCfg = Debug|Any CPU
		{D1E05178-D187-4188-8F45-D8C2FAC6A897}.Debug|Any CPU.Build.0 = Debug|Any CPU
		{D1E05178-D187-4188-8F45-D8C2FAC6A897}.Release|Any CPU.ActiveCfg = Release|Any CPU
		{D1E05178-D187-4188-8F45-D8C2FAC6A897}.Release|Any CPU.Build.0 = Release|Any CPU
		{6985D2A7-8908-4F2E-8BAA-46269CE7785F}.Debug|Any CPU.ActiveCfg = Debug|Any CPU
		{6985D2A7-8908-4F2E-8BAA-46269CE7785F}.Debug|Any CPU.Build.0 = Debug|Any CPU
		{6985D2A7-8908-4F2E-8BAA-46269CE7785F}.Release|Any CPU.ActiveCfg = Release|Any CPU
		{6985D2A7-8908-4F2E-8BAA-46269CE7785F}.Release|Any CPU.Build.0 = Release|Any CPU
		{F32B5A44-39CA-4A42-9598-8E3D75862BBA}.Debug|Any CPU.ActiveCfg = Debug|Any CPU
		{F32B5A44-39CA-4A42-9598-8E3D75862BBA}.Debug|Any CPU.Build.0 = Debug|Any CPU
		{F32B5A44-39CA-4A42-9598-8E3D75862BBA}.Release|Any CPU.ActiveCfg = Release|Any CPU
		{F32B5A44-39CA-4A42-9598-8E3D75862BBA}.Release|Any CPU.Build.0 = Release|Any CPU
		{055503BA-6094-4341-B7C1-CE7811AD80E9}.Debug|Any CPU.ActiveCfg = Debug|Any CPU
		{055503BA-6094-4341-B7C1-CE7811AD80E9}.Debug|Any CPU.Build.0 = Debug|Any CPU
		{055503BA-6094-4341-B7C1-CE7811AD80E9}.Release|Any CPU.ActiveCfg = Release|Any CPU
		{055503BA-6094-4341-B7C1-CE7811AD80E9}.Release|Any CPU.Build.0 = Release|Any CPU
	EndGlobalSection
	GlobalSection(SolutionProperties) = preSolution
		HideSolutionNode = FALSE
	EndGlobalSection
	GlobalSection(ExtensibilityGlobals) = postSolution
		SolutionGuid = {EB7A0AFB-DCEF-4A09-AA19-220C6A9C0A5E}
	EndGlobalSection
EndGlobal
